
Microsoft Visual Studio Solution File, Format Version 12.00
# Visual Studio Version 17
VisualStudioVersion = 17.5.33530.505
MinimumVisualStudioVersion = 10.0.40219.1
Project("{9A19103F-16F7-4668-BE54-9A1E7A4F7556}") = "SuperShop", "SuperShop\SuperShop.csproj", "{3A63C195-FCC9-4E55-9A6B-494F25B33B2B}"
EndProject
Global
	GlobalSection(SolutionConfigurationPlatforms) = preSolution
		Debug|Any CPU = Debug|Any CPU
		Release|Any CPU = Release|Any CPU
	EndGlobalSection
	GlobalSection(ProjectConfigurationPlatforms) = postSolution
		{3A63C195-FCC9-4E55-9A6B-494F25B33B2B}.Debug|Any CPU.ActiveCfg = Debug|Any CPU
		{3A63C195-FCC9-4E55-9A6B-494F25B33B2B}.Debug|Any CPU.Build.0 = Debug|Any CPU
		{3A63C195-FCC9-4E55-9A6B-494F25B33B2B}.Release|Any CPU.ActiveCfg = Release|Any CPU
		{3A63C195-FCC9-4E55-9A6B-494F25B33B2B}.Release|Any CPU.Build.0 = Release|Any CPU
	EndGlobalSection
	GlobalSection(SolutionProperties) = preSolution
		HideSolutionNode = FALSE
	EndGlobalSection
	GlobalSection(ExtensibilityGlobals) = postSolution
		SolutionGuid = {1506F535-1F77-4421-BE83-C88B9ECB55C7}
	EndGlobalSection
EndGlobal
